
Microsoft Visual Studio Solution File, Format Version 12.00
# Visual Studio 15
VisualStudioVersion = 15.0.28307.1169
MinimumVisualStudioVersion = 10.0.40219.1
Project("{FAE04EC0-301F-11D3-BF4B-00C04F79EFBC}") = "Api", "Api\Api.csproj", "{A846EFF5-35FD-4ECF-AA48-4D513D85D2A3}"
EndProject
Project("{FAE04EC0-301F-11D3-BF4B-00C04F79EFBC}") = "UnitTests", "UnitTests\UnitTests.csproj", "{8C6A4B13-8FCE-4518-A5AE-A0CC51AE9820}"
EndProject
Global
	GlobalSection(SolutionConfigurationPlatforms) = preSolution
		Debug|Any CPU = Debug|Any CPU
		Release|Any CPU = Release|Any CPU
	EndGlobalSection
	GlobalSection(ProjectConfigurationPlatforms) = postSolution
		{A846EFF5-35FD-4ECF-AA48-4D513D85D2A3}.Debug|Any CPU.ActiveCfg = Debug|Any CPU
		{A846EFF5-35FD-4ECF-AA48-4D513D85D2A3}.Debug|Any CPU.Build.0 = Debug|Any CPU
		{A846EFF5-35FD-4ECF-AA48-4D513D85D2A3}.Release|Any CPU.ActiveCfg = Release|Any CPU
		{A846EFF5-35FD-4ECF-AA48-4D513D85D2A3}.Release|Any CPU.Build.0 = Release|Any CPU
		{8C6A4B13-8FCE-4518-A5AE-A0CC51AE9820}.Debug|Any CPU.ActiveCfg = Debug|Any CPU
		{8C6A4B13-8FCE-4518-A5AE-A0CC51AE9820}.Debug|Any CPU.Build.0 = Debug|Any CPU
		{8C6A4B13-8FCE-4518-A5AE-A0CC51AE9820}.Release|Any CPU.ActiveCfg = Release|Any CPU
		{8C6A4B13-8FCE-4518-A5AE-A0CC51AE9820}.Release|Any CPU.Build.0 = Release|Any CPU
	EndGlobalSection
	GlobalSection(SolutionProperties) = preSolution
		HideSolutionNode = FALSE
	EndGlobalSection
	GlobalSection(ExtensibilityGlobals) = postSolution
		SolutionGuid = {CADBC736-EE5D-486F-9B0B-2B8940AC2AE6}
	EndGlobalSection
EndGlobal
